
Microsoft Visual Studio Solution File, Format Version 12.00
# Visual Studio Version 16
VisualStudioVersion = 16.0.29020.237
MinimumVisualStudioVersion = 10.0.40219.1
Project("{8BC9CEB8-8B4A-11D0-8D11-00A0C91BC942}") = "AsciPractice", "AsciPractice\AsciPractice.vcxproj", "{49985050-9DC5-47E3-A56B-D875757A73EB}"
EndProject
Global
	GlobalSection(SolutionConfigurationPlatforms) = preSolution
		Debug|x64 = Debug|x64
		Debug|x86 = Debug|x86
		Release|x64 = Release|x64
		Release|x86 = Release|x86
	EndGlobalSection
	GlobalSection(ProjectConfigurationPlatforms) = postSolution
		{49985050-9DC5-47E3-A56B-D875757A73EB}.Debug|x64.ActiveCfg = Debug|x64
		{49985050-9DC5-47E3-A56B-D875757A73EB}.Debug|x64.Build.0 = Debug|x64
		{49985050-9DC5-47E3-A56B-D875757A73EB}.Debug|x86.ActiveCfg = Debug|Win32
		{49985050-9DC5-47E3-A56B-D875757A73EB}.Debug|x86.Build.0 = Debug|Win32
		{49985050-9DC5-47E3-A56B-D875757A73EB}.Release|x64.ActiveCfg = Release|x64
		{49985050-9DC5-47E3-A56B-D875757A73EB}.Release|x64.Build.0 = Release|x64
		{49985050-9DC5-47E3-A56B-D875757A73EB}.Release|x86.ActiveCfg = Release|Win32
		{49985050-9DC5-47E3-A56B-D875757A73EB}.Release|x86.Build.0 = Release|Win32
	EndGlobalSection
	GlobalSection(SolutionProperties) = preSolution
		HideSolutionNode = FALSE
	EndGlobalSection
	GlobalSection(ExtensibilityGlobals) = postSolution
		SolutionGuid = {C0B6DA01-A494-4A11-9592-F9BCEECCDF95}
	EndGlobalSection
EndGlobal
